
Microsoft Visual Studio Solution File, Format Version 12.00
# Visual Studio Version 17
VisualStudioVersion = 17.8.34316.72
MinimumVisualStudioVersion = 10.0.40219.1
Project("{FAE04EC0-301F-11D3-BF4B-00C04F79EFBC}") = "CSharp-ControlStatemets", "CSharp-ControlStatemets.csproj", "{5751D8D4-F296-46EC-AE44-2E9EEF9611EC}"
EndProject
Global
	GlobalSection(SolutionConfigurationPlatforms) = preSolution
		Debug|Any CPU = Debug|Any CPU
		Release|Any CPU = Release|Any CPU
	EndGlobalSection
	GlobalSection(ProjectConfigurationPlatforms) = postSolution
		{5751D8D4-F296-46EC-AE44-2E9EEF9611EC}.Debug|Any CPU.ActiveCfg = Debug|Any CPU
		{5751D8D4-F296-46EC-AE44-2E9EEF9611EC}.Debug|Any CPU.Build.0 = Debug|Any CPU
		{5751D8D4-F296-46EC-AE44-2E9EEF9611EC}.Release|Any CPU.ActiveCfg = Release|Any CPU
		{5751D8D4-F296-46EC-AE44-2E9EEF9611EC}.Release|Any CPU.Build.0 = Release|Any CPU
	EndGlobalSection
	GlobalSection(SolutionProperties) = preSolution
		HideSolutionNode = FALSE
	EndGlobalSection
	GlobalSection(ExtensibilityGlobals) = postSolution
		SolutionGuid = {EF601804-BDB5-443B-B67F-F76AD4B9F238}
	EndGlobalSection
EndGlobal
